# THIS IS AN AUTOGENERATED FILE. DO NOT EDIT THIS FILE DIRECTLY.
# yarn lockfile v1


commander@2:
  version "2.15.1"
  resolved "https://registry.yarnpkg.com/commander/-/commander-2.15.1.tgz#df46e867d0fc2aec66a34662b406a9ccafff5b0f"

topojson-client@3, topojson-client@3.0.0:
  version "3.0.0"
  resolved "https://registry.yarnpkg.com/topojson-client/-/topojson-client-3.0.0.tgz#1f99293a77ef42a448d032a81aa982b73f360d2f"
  dependencies:
    commander "2"

topojson-server@3.0.0:
  version "3.0.0"
  resolved "https://registry.yarnpkg.com/topojson-server/-/topojson-server-3.0.0.tgz#378e78e87c3972a7b5be2c5d604369b6bae69c5e"
  dependencies:
    commander "2"

topojson-simplify@3.0.2:
  version "3.0.2"
  resolved "https://registry.yarnpkg.com/topojson-simplify/-/topojson-simplify-3.0.2.tgz#8a2403e639531500fafa0c6594e8b0fadebc2c02"
  dependencies:
    commander "2"
    topojson-client "3"

topojson@^3.0.2:
  version "3.0.2"
  resolved "https://registry.yarnpkg.com/topojson/-/topojson-3.0.2.tgz#fcb927306c3e0fa76656fa58deed4555d2346fb4"
  dependencies:
    topojson-client "3.0.0"
    topojson-server "3.0.0"
    topojson-simplify "3.0.2"
